
Microsoft Visual Studio Solution File, Format Version 12.00
# Visual Studio Version 17
VisualStudioVersion = 17.8.34330.188
MinimumVisualStudioVersion = 10.0.40219.1
Project("{FAE04EC0-301F-11D3-BF4B-00C04F79EFBC}") = "DosyaIslemOrnek4", "DosyaIslemOrnek4\DosyaIslemOrnek4.csproj", "{6AC4ED4B-53DA-40C4-B088-27DB1FCB7D37}"
EndProject
Global
	GlobalSection(SolutionConfigurationPlatforms) = preSolution
		Debug|Any CPU = Debug|Any CPU
		Release|Any CPU = Release|Any CPU
	EndGlobalSection
	GlobalSection(ProjectConfigurationPlatforms) = postSolution
		{6AC4ED4B-53DA-40C4-B088-27DB1FCB7D37}.Debug|Any CPU.ActiveCfg = Debug|Any CPU
		{6AC4ED4B-53DA-40C4-B088-27DB1FCB7D37}.Debug|Any CPU.Build.0 = Debug|Any CPU
		{6AC4ED4B-53DA-40C4-B088-27DB1FCB7D37}.Release|Any CPU.ActiveCfg = Release|Any CPU
		{6AC4ED4B-53DA-40C4-B088-27DB1FCB7D37}.Release|Any CPU.Build.0 = Release|Any CPU
	EndGlobalSection
	GlobalSection(SolutionProperties) = preSolution
		HideSolutionNode = FALSE
	EndGlobalSection
	GlobalSection(ExtensibilityGlobals) = postSolution
		SolutionGuid = {44264BE1-3089-400D-BC05-30711B61C05B}
	EndGlobalSection
EndGlobal
